
Microsoft Visual Studio Solution File, Format Version 12.00
# Visual Studio Version 16
VisualStudioVersion = 16.0.31105.61
MinimumVisualStudioVersion = 10.0.40219.1
Project("{FAE04EC0-301F-11D3-BF4B-00C04F79EFBC}") = "PruebaConfiguracion", "PruebaConfiguracion\PruebaConfiguracion.csproj", "{63BBB4F5-CE22-4425-BA67-481C9A27FDFF}"
EndProject
Project("{FAE04EC0-301F-11D3-BF4B-00C04F79EFBC}") = "Services", "Services\Services.csproj", "{9FD924B3-94E1-4AE6-8481-CAFE81B89149}"
EndProject
Project("{FAE04EC0-301F-11D3-BF4B-00C04F79EFBC}") = "PepeConfiguration", "PepeConfiguration\PepeConfiguration.csproj", "{C2F69A02-AA32-4CD8-B818-DCA307BD702D}"
EndProject
Project("{FAE04EC0-301F-11D3-BF4B-00C04F79EFBC}") = "ConsoleAppPruebaConfiguration", "ConsoleAppPruebaConfiguration\ConsoleAppPruebaConfiguration.csproj", "{22BA3E27-AEAC-4D26-A02F-52FFE770305A}"
EndProject
Project("{2150E333-8FDC-42A3-9474-1A3956D46DE8}") = "Samples", "Samples", "{A3B5501D-1D59-407C-8C6E-B7DD1580D120}"
EndProject
Global
	GlobalSection(SolutionConfigurationPlatforms) = preSolution
		Debug|Any CPU = Debug|Any CPU
		Release|Any CPU = Release|Any CPU
	EndGlobalSection
	GlobalSection(ProjectConfigurationPlatforms) = postSolution
		{63BBB4F5-CE22-4425-BA67-481C9A27FDFF}.Debug|Any CPU.ActiveCfg = Debug|Any CPU
		{63BBB4F5-CE22-4425-BA67-481C9A27FDFF}.Debug|Any CPU.Build.0 = Debug|Any CPU
		{63BBB4F5-CE22-4425-BA67-481C9A27FDFF}.Release|Any CPU.ActiveCfg = Release|Any CPU
		{63BBB4F5-CE22-4425-BA67-481C9A27FDFF}.Release|Any CPU.Build.0 = Release|Any CPU
		{9FD924B3-94E1-4AE6-8481-CAFE81B89149}.Debug|Any CPU.ActiveCfg = Debug|Any CPU
		{9FD924B3-94E1-4AE6-8481-CAFE81B89149}.Debug|Any CPU.Build.0 = Debug|Any CPU
		{9FD924B3-94E1-4AE6-8481-CAFE81B89149}.Release|Any CPU.ActiveCfg = Release|Any CPU
		{9FD924B3-94E1-4AE6-8481-CAFE81B89149}.Release|Any CPU.Build.0 = Release|Any CPU
		{C2F69A02-AA32-4CD8-B818-DCA307BD702D}.Debug|Any CPU.ActiveCfg = Debug|Any CPU
		{C2F69A02-AA32-4CD8-B818-DCA307BD702D}.Debug|Any CPU.Build.0 = Debug|Any CPU
		{C2F69A02-AA32-4CD8-B818-DCA307BD702D}.Release|Any CPU.ActiveCfg = Release|Any CPU
		{C2F69A02-AA32-4CD8-B818-DCA307BD702D}.Release|Any CPU.Build.0 = Release|Any CPU
		{22BA3E27-AEAC-4D26-A02F-52FFE770305A}.Debug|Any CPU.ActiveCfg = Debug|Any CPU
		{22BA3E27-AEAC-4D26-A02F-52FFE770305A}.Debug|Any CPU.Build.0 = Debug|Any CPU
		{22BA3E27-AEAC-4D26-A02F-52FFE770305A}.Release|Any CPU.ActiveCfg = Release|Any CPU
		{22BA3E27-AEAC-4D26-A02F-52FFE770305A}.Release|Any CPU.Build.0 = Release|Any CPU
	EndGlobalSection
	GlobalSection(SolutionProperties) = preSolution
		HideSolutionNode = FALSE
	EndGlobalSection
	GlobalSection(NestedProjects) = preSolution
		{63BBB4F5-CE22-4425-BA67-481C9A27FDFF} = {A3B5501D-1D59-407C-8C6E-B7DD1580D120}
		{22BA3E27-AEAC-4D26-A02F-52FFE770305A} = {A3B5501D-1D59-407C-8C6E-B7DD1580D120}
	EndGlobalSection
	GlobalSection(ExtensibilityGlobals) = postSolution
		SolutionGuid = {94AC7FBA-C735-4227-8B71-18F6AE28576B}
	EndGlobalSection
EndGlobal
